<?xml version="1.0" encoding="utf-8"?>
<Project ToolsVersion="4.0" xmlns="http://schemas.microsoft.com/developer/msbuild/2003">
  <ItemGroup>
    <Filter Include="源文件">
      <UniqueIdentifier>{4FC737F1-C7A5-4376-A066-2A32D752A2FF}</UniqueIdentifier>
      <Extensions>cpp;c;cc;cxx;def;odl;idl;hpj;bat;asm;asmx</Extensions>
    </Filter>
    <Filter Include="头文件">
      <UniqueIdentifier>{93995380-89BD-4b04-88EB-625FBE52EBFB}</UniqueIdentifier>
      <Extensions>h;hh;hpp;hxx;hm;inl;inc;ipp;xsd</Extensions>
    </Filter>
    <Filter Include="资源文件">
      <UniqueIdentifier>{67DA6AB6-F800-4c08-8B7A-83BB121AAD01}</UniqueIdentifier>
      <Extensions>rc;ico;cur;bmp;dlg;rc2;rct;bin;rgs;gif;jpg;jpeg;jpe;resx;tiff;tif;png;wav;mfcribbon-ms</Extensions>
    </Filter>
    <Filter Include="头文件\basicfuncs">
      <UniqueIdentifier>{98c81db2-3d93-48a5-a976-74a90c2fe22d}</UniqueIdentifier>
    </Filter>
    <Filter Include="源文件\basicfuncs">
      <UniqueIdentifier>{c686e82b-751c-4cb6-977a-9bbf318cf0e8}</UniqueIdentifier>
    </Filter>
    <Filter Include="资源文件\list">
      <UniqueIdentifier>{509d0982-8173-475d-8d93-05d81e1d433f}</UniqueIdentifier>
    </Filter>
  </ItemGroup>
  <ItemGroup>
    <ClInclude Include="code\classes\allClasses.h">
      <Filter>头文件</Filter>
    </ClInclude>
    <ClInclude Include="code\classes\basicfuncs.h">
      <Filter>头文件</Filter>
    </ClInclude>
    <ClInclude Include="code\classes\basicMainLoop.h">
      <Filter>头文件</Filter>
    </ClInclude>
    <ClInclude Include="code\classes\commonfuc2.h">
      <Filter>头文件</Filter>
    </ClInclude>
    <ClInclude Include="code\classes\main_data.h">
      <Filter>头文件</Filter>
    </ClInclude>
    <ClInclude Include="code\classes\basicfuncs\pics.h">
      <Filter>头文件\basicfuncs</Filter>
    </ClInclude>
    <ClInclude Include="code\classes\basicfuncs\glbvar.h">
      <Filter>头文件\basicfuncs</Filter>
    </ClInclude>
    <ClInclude Include="code\classes\basicfuncs\chtBox.h">
      <Filter>头文件\basicfuncs</Filter>
    </ClInclude>
    <ClInclude Include="code\classes\basicfuncs\button.h">
      <Filter>头文件\basicfuncs</Filter>
    </ClInclude>
    <ClInclude Include="code\classes\basicfuncs\talkBox.h">
      <Filter>头文件\basicfuncs</Filter>
    </ClInclude>
    <ClInclude Include="code\classes\basicfuncs\commonfuc1.h">
      <Filter>头文件\basicfuncs</Filter>
    </ClInclude>
    <ClInclude Include="code\classes\basicfuncs\SDL_FontCache.h">
      <Filter>头文件\basicfuncs</Filter>
    </ClInclude>
    <ClInclude Include="code\classes\basicfuncs\muss.h">
      <Filter>头文件\basicfuncs</Filter>
    </ClInclude>
    <ClInclude Include="code\classes\basicfuncs\CThread.h">
      <Filter>头文件\basicfuncs</Filter>
    </ClInclude>
    <ClInclude Include="code\classes\basicfuncs\data.h">
      <Filter>头文件\basicfuncs</Filter>
    </ClInclude>
    <ClInclude Include="code\classes\basicfuncs\main_set.h">
      <Filter>头文件\basicfuncs</Filter>
    </ClInclude>
    <ClInclude Include="code\classes\basicfuncs\timer.h">
      <Filter>头文件\basicfuncs</Filter>
    </ClInclude>
    <ClInclude Include="code\classes\basicfuncs\muss_old.h">
      <Filter>头文件\basicfuncs</Filter>
    </ClInclude>
    <ClInclude Include="code\classes\basicfuncs\glbvar2.h">
      <Filter>头文件\basicfuncs</Filter>
    </ClInclude>
    <ClInclude Include="code\classes\battleField.h">
      <Filter>头文件</Filter>
    </ClInclude>
    <ClInclude Include="code\classes\moster.h">
      <Filter>头文件</Filter>
    </ClInclude>
  </ItemGroup>
  <ItemGroup>
    <ClCompile Include="code\classes\basicMainLoop.cpp">
      <Filter>源文件</Filter>
    </ClCompile>
    <ClCompile Include="code\classes\basicfuncs\pics.cpp">
      <Filter>源文件\basicfuncs</Filter>
    </ClCompile>
    <ClCompile Include="code\classes\basicfuncs\glbvar.cpp">
      <Filter>源文件\basicfuncs</Filter>
    </ClCompile>
    <ClCompile Include="code\classes\basicfuncs\talkBox.cpp">
      <Filter>源文件\basicfuncs</Filter>
    </ClCompile>
    <ClCompile Include="code\classes\basicfuncs\commonfuc1.cpp">
      <Filter>源文件\basicfuncs</Filter>
    </ClCompile>
    <ClCompile Include="code\classes\basicfuncs\SDL_FontCache.cpp">
      <Filter>源文件\basicfuncs</Filter>
    </ClCompile>
    <ClCompile Include="code\classes\basicfuncs\data.cpp">
      <Filter>源文件\basicfuncs</Filter>
    </ClCompile>
    <ClCompile Include="code\classes\basicfuncs\timer.cpp">
      <Filter>源文件\basicfuncs</Filter>
    </ClCompile>
    <ClCompile Include="code\main.cpp">
      <Filter>源文件</Filter>
    </ClCompile>
    <ClCompile Include="code\classes\basicfuncs\muss_old.cpp">
      <Filter>源文件\basicfuncs</Filter>
    </ClCompile>
    <ClCompile Include="code\classes\mainLoop1.cpp">
      <Filter>源文件</Filter>
    </ClCompile>
    <ClCompile Include="code\classes\basicfuncs\glbvar2.cpp">
      <Filter>源文件\basicfuncs</Filter>
    </ClCompile>
    <ClCompile Include="code\classes\commonfuc2.cpp">
      <Filter>源文件\basicfuncs</Filter>
    </ClCompile>
    <ClCompile Include="code\classes\mainLoop_changeDt.cpp">
      <Filter>源文件</Filter>
    </ClCompile>
    <ClCompile Include="code\classes\mainLoop_battle1.cpp">
      <Filter>源文件</Filter>
    </ClCompile>
  </ItemGroup>
  <ItemGroup>
    <None Include="items\lists\pictureList.gdata">
      <Filter>资源文件\list</Filter>
    </None>
    <None Include="items\lists\musicList.gdata">
      <Filter>资源文件\list</Filter>
    </None>
  </ItemGroup>
</Project>